
Microsoft Visual Studio Solution File, Format Version 12.00
# Visual Studio 2012
Project("{FAE04EC0-301F-11D3-BF4B-00C04F79EFBC}") = "week1", "week1\week1.csproj", "{6E319A24-2BA9-404A-B7A3-C3CA674C66D2}"
EndProject
Project("{FAE04EC0-301F-11D3-BF4B-00C04F79EFBC}") = "LibraryExample", "LibraryExample\LibraryExample.csproj", "{D99EEC6D-0821-42D1-98C5-2945B4F6ABD2}"
EndProject
Project("{2150E333-8FDC-42A3-9474-1A3956D46DE8}") = "OtherStuff", "OtherStuff", "{214B6B1E-51C6-43F5-8082-4F4A660E8B94}"
EndProject
Project("{FAE04EC0-301F-11D3-BF4B-00C04F79EFBC}") = "ConsoleApplicationExample", "ConsoleApplicationExample\ConsoleApplicationExample.csproj", "{17540DD0-B9DD-4B2C-A15D-6279F503B0B0}"
EndProject
Project("{FAE04EC0-301F-11D3-BF4B-00C04F79EFBC}") = "DevTraining", "Ch3\DevTraining.csproj", "{989CE885-C216-43E6-B5FD-5B28536ECC69}"
EndProject
Project("{FAE04EC0-301F-11D3-BF4B-00C04F79EFBC}") = "Challenges", "Challenge\Challenges.csproj", "{50FA43E0-2374-4480-8953-8FF40AAAB5BE}"
EndProject
Project("{FAE04EC0-301F-11D3-BF4B-00C04F79EFBC}") = "Chapter_03", "Chapter_03\Chapter_03.csproj", "{6CA1662E-EDE5-48FB-BE6C-E86A297B0ADE}"
EndProject
Project("{FAE04EC0-301F-11D3-BF4B-00C04F79EFBC}") = "Chapter_04", "Chapter_04\Chapter_04.csproj", "{3EE25102-6AE7-4AE5-AA2A-3E7BFEB34C4E}"
EndProject
Project("{FAE04EC0-301F-11D3-BF4B-00C04F79EFBC}") = "Chapter_05", "Chapter_05\Chapter_05.csproj", "{AE9B1121-C8FB-4417-B45D-969401EC54E2}"
EndProject
Project("{FAE04EC0-301F-11D3-BF4B-00C04F79EFBC}") = "Chapter_07", "Chapter_07\Chapter_07.csproj", "{FC741469-478D-44C8-BA8D-C5C27948CBF5}"
EndProject
Project("{FAE04EC0-301F-11D3-BF4B-00C04F79EFBC}") = "Chapter_08", "Chapter_08\Chapter_08.csproj", "{2596F52A-EEA7-4188-B4F3-36D7256B3083}"
EndProject
Project("{FAE04EC0-301F-11D3-BF4B-00C04F79EFBC}") = "Chapter_09", "Chapter_09\Chapter_09.csproj", "{F1DC0EBA-6223-44EF-B9E6-01BE364B98F7}"
EndProject
Project("{FAE04EC0-301F-11D3-BF4B-00C04F79EFBC}") = "Chapter_10", "Chapter_10\Chapter_10.csproj", "{97762272-B248-4885-8E07-E6BA09349235}"
EndProject
Project("{FAE04EC0-301F-11D3-BF4B-00C04F79EFBC}") = "Chapter_02", "Chapter_02\Chapter_02.csproj", "{E9EF69FE-962A-423E-B463-C416B90B89D7}"
EndProject
Global
	GlobalSection(SolutionConfigurationPlatforms) = preSolution
		Debug|Any CPU = Debug|Any CPU
		Debug|Mixed Platforms = Debug|Mixed Platforms
		Debug|x86 = Debug|x86
		Release|Any CPU = Release|Any CPU
		Release|Mixed Platforms = Release|Mixed Platforms
		Release|x86 = Release|x86
	EndGlobalSection
	GlobalSection(ProjectConfigurationPlatforms) = postSolution
		{6E319A24-2BA9-404A-B7A3-C3CA674C66D2}.Debug|Any CPU.ActiveCfg = Debug|Any CPU
		{6E319A24-2BA9-404A-B7A3-C3CA674C66D2}.Debug|Any CPU.Build.0 = Debug|Any CPU
		{6E319A24-2BA9-404A-B7A3-C3CA674C66D2}.Debug|Mixed Platforms.ActiveCfg = Debug|Any CPU
		{6E319A24-2BA9-404A-B7A3-C3CA674C66D2}.Debug|Mixed Platforms.Build.0 = Debug|Any CPU
		{6E319A24-2BA9-404A-B7A3-C3CA674C66D2}.Debug|x86.ActiveCfg = Debug|Any CPU
		{6E319A24-2BA9-404A-B7A3-C3CA674C66D2}.Release|Any CPU.ActiveCfg = Release|Any CPU
		{6E319A24-2BA9-404A-B7A3-C3CA674C66D2}.Release|Any CPU.Build.0 = Release|Any CPU
		{6E319A24-2BA9-404A-B7A3-C3CA674C66D2}.Release|Mixed Platforms.ActiveCfg = Release|Any CPU
		{6E319A24-2BA9-404A-B7A3-C3CA674C66D2}.Release|Mixed Platforms.Build.0 = Release|Any CPU
		{6E319A24-2BA9-404A-B7A3-C3CA674C66D2}.Release|x86.ActiveCfg = Release|Any CPU
		{D99EEC6D-0821-42D1-98C5-2945B4F6ABD2}.Debug|Any CPU.ActiveCfg = Debug|Any CPU
		{D99EEC6D-0821-42D1-98C5-2945B4F6ABD2}.Debug|Any CPU.Build.0 = Debug|Any CPU
		{D99EEC6D-0821-42D1-98C5-2945B4F6ABD2}.Debug|Mixed Platforms.ActiveCfg = Debug|Any CPU
		{D99EEC6D-0821-42D1-98C5-2945B4F6ABD2}.Debug|Mixed Platforms.Build.0 = Debug|Any CPU
		{D99EEC6D-0821-42D1-98C5-2945B4F6ABD2}.Debug|x86.ActiveCfg = Debug|Any CPU
		{D99EEC6D-0821-42D1-98C5-2945B4F6ABD2}.Release|Any CPU.ActiveCfg = Release|Any CPU
		{D99EEC6D-0821-42D1-98C5-2945B4F6ABD2}.Release|Any CPU.Build.0 = Release|Any CPU
		{D99EEC6D-0821-42D1-98C5-2945B4F6ABD2}.Release|Mixed Platforms.ActiveCfg = Release|Any CPU
		{D99EEC6D-0821-42D1-98C5-2945B4F6ABD2}.Release|Mixed Platforms.Build.0 = Release|Any CPU
		{D99EEC6D-0821-42D1-98C5-2945B4F6ABD2}.Release|x86.ActiveCfg = Release|Any CPU
		{17540DD0-B9DD-4B2C-A15D-6279F503B0B0}.Debug|Any CPU.ActiveCfg = Debug|x86
		{17540DD0-B9DD-4B2C-A15D-6279F503B0B0}.Debug|Mixed Platforms.ActiveCfg = Debug|x86
		{17540DD0-B9DD-4B2C-A15D-6279F503B0B0}.Debug|Mixed Platforms.Build.0 = Debug|x86
		{17540DD0-B9DD-4B2C-A15D-6279F503B0B0}.Debug|x86.ActiveCfg = Debug|x86
		{17540DD0-B9DD-4B2C-A15D-6279F503B0B0}.Debug|x86.Build.0 = Debug|x86
		{17540DD0-B9DD-4B2C-A15D-6279F503B0B0}.Release|Any CPU.ActiveCfg = Release|x86
		{17540DD0-B9DD-4B2C-A15D-6279F503B0B0}.Release|Mixed Platforms.ActiveCfg = Release|x86
		{17540DD0-B9DD-4B2C-A15D-6279F503B0B0}.Release|Mixed Platforms.Build.0 = Release|x86
		{17540DD0-B9DD-4B2C-A15D-6279F503B0B0}.Release|x86.ActiveCfg = Release|x86
		{17540DD0-B9DD-4B2C-A15D-6279F503B0B0}.Release|x86.Build.0 = Release|x86
		{989CE885-C216-43E6-B5FD-5B28536ECC69}.Debug|Any CPU.ActiveCfg = Debug|Any CPU
		{989CE885-C216-43E6-B5FD-5B28536ECC69}.Debug|Any CPU.Build.0 = Debug|Any CPU
		{989CE885-C216-43E6-B5FD-5B28536ECC69}.Debug|Mixed Platforms.ActiveCfg = Debug|Any CPU
		{989CE885-C216-43E6-B5FD-5B28536ECC69}.Debug|Mixed Platforms.Build.0 = Debug|Any CPU
		{989CE885-C216-43E6-B5FD-5B28536ECC69}.Debug|x86.ActiveCfg = Debug|Any CPU
		{989CE885-C216-43E6-B5FD-5B28536ECC69}.Release|Any CPU.ActiveCfg = Release|Any CPU
		{989CE885-C216-43E6-B5FD-5B28536ECC69}.Release|Any CPU.Build.0 = Release|Any CPU
		{989CE885-C216-43E6-B5FD-5B28536ECC69}.Release|Mixed Platforms.ActiveCfg = Release|Any CPU
		{989CE885-C216-43E6-B5FD-5B28536ECC69}.Release|Mixed Platforms.Build.0 = Release|Any CPU
		{989CE885-C216-43E6-B5FD-5B28536ECC69}.Release|x86.ActiveCfg = Release|Any CPU
		{50FA43E0-2374-4480-8953-8FF40AAAB5BE}.Debug|Any CPU.ActiveCfg = Debug|Any CPU
		{50FA43E0-2374-4480-8953-8FF40AAAB5BE}.Debug|Any CPU.Build.0 = Debug|Any CPU
		{50FA43E0-2374-4480-8953-8FF40AAAB5BE}.Debug|Mixed Platforms.ActiveCfg = Debug|Any CPU
		{50FA43E0-2374-4480-8953-8FF40AAAB5BE}.Debug|Mixed Platforms.Build.0 = Debug|Any CPU
		{50FA43E0-2374-4480-8953-8FF40AAAB5BE}.Debug|x86.ActiveCfg = Debug|Any CPU
		{50FA43E0-2374-4480-8953-8FF40AAAB5BE}.Release|Any CPU.ActiveCfg = Release|Any CPU
		{50FA43E0-2374-4480-8953-8FF40AAAB5BE}.Release|Any CPU.Build.0 = Release|Any CPU
		{50FA43E0-2374-4480-8953-8FF40AAAB5BE}.Release|Mixed Platforms.ActiveCfg = Release|Any CPU
		{50FA43E0-2374-4480-8953-8FF40AAAB5BE}.Release|Mixed Platforms.Build.0 = Release|Any CPU
		{50FA43E0-2374-4480-8953-8FF40AAAB5BE}.Release|x86.ActiveCfg = Release|Any CPU
		{6CA1662E-EDE5-48FB-BE6C-E86A297B0ADE}.Debug|Any CPU.ActiveCfg = Debug|Any CPU
		{6CA1662E-EDE5-48FB-BE6C-E86A297B0ADE}.Debug|Any CPU.Build.0 = Debug|Any CPU
		{6CA1662E-EDE5-48FB-BE6C-E86A297B0ADE}.Debug|Mixed Platforms.ActiveCfg = Debug|Any CPU
		{6CA1662E-EDE5-48FB-BE6C-E86A297B0ADE}.Debug|Mixed Platforms.Build.0 = Debug|Any CPU
		{6CA1662E-EDE5-48FB-BE6C-E86A297B0ADE}.Debug|x86.ActiveCfg = Debug|Any CPU
		{6CA1662E-EDE5-48FB-BE6C-E86A297B0ADE}.Release|Any CPU.ActiveCfg = Release|Any CPU
		{6CA1662E-EDE5-48FB-BE6C-E86A297B0ADE}.Release|Any CPU.Build.0 = Release|Any CPU
		{6CA1662E-EDE5-48FB-BE6C-E86A297B0ADE}.Release|Mixed Platforms.ActiveCfg = Release|Any CPU
		{6CA1662E-EDE5-48FB-BE6C-E86A297B0ADE}.Release|Mixed Platforms.Build.0 = Release|Any CPU
		{6CA1662E-EDE5-48FB-BE6C-E86A297B0ADE}.Release|x86.ActiveCfg = Release|Any CPU
		{3EE25102-6AE7-4AE5-AA2A-3E7BFEB34C4E}.Debug|Any CPU.ActiveCfg = Debug|Any CPU
		{3EE25102-6AE7-4AE5-AA2A-3E7BFEB34C4E}.Debug|Any CPU.Build.0 = Debug|Any CPU
		{3EE25102-6AE7-4AE5-AA2A-3E7BFEB34C4E}.Debug|Mixed Platforms.ActiveCfg = Debug|Any CPU
		{3EE25102-6AE7-4AE5-AA2A-3E7BFEB34C4E}.Debug|Mixed Platforms.Build.0 = Debug|Any CPU
		{3EE25102-6AE7-4AE5-AA2A-3E7BFEB34C4E}.Debug|x86.ActiveCfg = Debug|Any CPU
		{3EE25102-6AE7-4AE5-AA2A-3E7BFEB34C4E}.Release|Any CPU.ActiveCfg = Release|Any CPU
		{3EE25102-6AE7-4AE5-AA2A-3E7BFEB34C4E}.Release|Any CPU.Build.0 = Release|Any CPU
		{3EE25102-6AE7-4AE5-AA2A-3E7BFEB34C4E}.Release|Mixed Platforms.ActiveCfg = Release|Any CPU
		{3EE25102-6AE7-4AE5-AA2A-3E7BFEB34C4E}.Release|Mixed Platforms.Build.0 = Release|Any CPU
		{3EE25102-6AE7-4AE5-AA2A-3E7BFEB34C4E}.Release|x86.ActiveCfg = Release|Any CPU
		{AE9B1121-C8FB-4417-B45D-969401EC54E2}.Debug|Any CPU.ActiveCfg = Debug|Any CPU
		{AE9B1121-C8FB-4417-B45D-969401EC54E2}.Debug|Any CPU.Build.0 = Debug|Any CPU
		{AE9B1121-C8FB-4417-B45D-969401EC54E2}.Debug|Mixed Platforms.ActiveCfg = Debug|Any CPU
		{AE9B1121-C8FB-4417-B45D-969401EC54E2}.Debug|Mixed Platforms.Build.0 = Debug|Any CPU
		{AE9B1121-C8FB-4417-B45D-969401EC54E2}.Debug|x86.ActiveCfg = Debug|Any CPU
		{AE9B1121-C8FB-4417-B45D-969401EC54E2}.Release|Any CPU.ActiveCfg = Release|Any CPU
		{AE9B1121-C8FB-4417-B45D-969401EC54E2}.Release|Any CPU.Build.0 = Release|Any CPU
		{AE9B1121-C8FB-4417-B45D-969401EC54E2}.Release|Mixed Platforms.ActiveCfg = Release|Any CPU
		{AE9B1121-C8FB-4417-B45D-969401EC54E2}.Release|Mixed Platforms.Build.0 = Release|Any CPU
		{AE9B1121-C8FB-4417-B45D-969401EC54E2}.Release|x86.ActiveCfg = Release|Any CPU
		{FC741469-478D-44C8-BA8D-C5C27948CBF5}.Debug|Any CPU.ActiveCfg = Debug|Any CPU
		{FC741469-478D-44C8-BA8D-C5C27948CBF5}.Debug|Any CPU.Build.0 = Debug|Any CPU
		{FC741469-478D-44C8-BA8D-C5C27948CBF5}.Debug|Mixed Platforms.ActiveCfg = Debug|Any CPU
		{FC741469-478D-44C8-BA8D-C5C27948CBF5}.Debug|Mixed Platforms.Build.0 = Debug|Any CPU
		{FC741469-478D-44C8-BA8D-C5C27948CBF5}.Debug|x86.ActiveCfg = Debug|Any CPU
		{FC741469-478D-44C8-BA8D-C5C27948CBF5}.Release|Any CPU.ActiveCfg = Release|Any CPU
		{FC741469-478D-44C8-BA8D-C5C27948CBF5}.Release|Any CPU.Build.0 = Release|Any CPU
		{FC741469-478D-44C8-BA8D-C5C27948CBF5}.Release|Mixed Platforms.ActiveCfg = Release|Any CPU
		{FC741469-478D-44C8-BA8D-C5C27948CBF5}.Release|Mixed Platforms.Build.0 = Release|Any CPU
		{FC741469-478D-44C8-BA8D-C5C27948CBF5}.Release|x86.ActiveCfg = Release|Any CPU
		{2596F52A-EEA7-4188-B4F3-36D7256B3083}.Debug|Any CPU.ActiveCfg = Debug|Any CPU
		{2596F52A-EEA7-4188-B4F3-36D7256B3083}.Debug|Any CPU.Build.0 = Debug|Any CPU
		{2596F52A-EEA7-4188-B4F3-36D7256B3083}.Debug|Mixed Platforms.ActiveCfg = Debug|Any CPU
		{2596F52A-EEA7-4188-B4F3-36D7256B3083}.Debug|Mixed Platforms.Build.0 = Debug|Any CPU
		{2596F52A-EEA7-4188-B4F3-36D7256B3083}.Debug|x86.ActiveCfg = Debug|Any CPU
		{2596F52A-EEA7-4188-B4F3-36D7256B3083}.Release|Any CPU.ActiveCfg = Release|Any CPU
		{2596F52A-EEA7-4188-B4F3-36D7256B3083}.Release|Any CPU.Build.0 = Release|Any CPU
		{2596F52A-EEA7-4188-B4F3-36D7256B3083}.Release|Mixed Platforms.ActiveCfg = Release|Any CPU
		{2596F52A-EEA7-4188-B4F3-36D7256B3083}.Release|Mixed Platforms.Build.0 = Release|Any CPU
		{2596F52A-EEA7-4188-B4F3-36D7256B3083}.Release|x86.ActiveCfg = Release|Any CPU
		{F1DC0EBA-6223-44EF-B9E6-01BE364B98F7}.Debug|Any CPU.ActiveCfg = Debug|Any CPU
		{F1DC0EBA-6223-44EF-B9E6-01BE364B98F7}.Debug|Any CPU.Build.0 = Debug|Any CPU
		{F1DC0EBA-6223-44EF-B9E6-01BE364B98F7}.Debug|Mixed Platforms.ActiveCfg = Debug|Any CPU
		{F1DC0EBA-6223-44EF-B9E6-01BE364B98F7}.Debug|Mixed Platforms.Build.0 = Debug|Any CPU
		{F1DC0EBA-6223-44EF-B9E6-01BE364B98F7}.Debug|x86.ActiveCfg = Debug|Any CPU
		{F1DC0EBA-6223-44EF-B9E6-01BE364B98F7}.Release|Any CPU.ActiveCfg = Release|Any CPU
		{F1DC0EBA-6223-44EF-B9E6-01BE364B98F7}.Release|Any CPU.Build.0 = Release|Any CPU
		{F1DC0EBA-6223-44EF-B9E6-01BE364B98F7}.Release|Mixed Platforms.ActiveCfg = Release|Any CPU
		{F1DC0EBA-6223-44EF-B9E6-01BE364B98F7}.Release|Mixed Platforms.Build.0 = Release|Any CPU
		{F1DC0EBA-6223-44EF-B9E6-01BE364B98F7}.Release|x86.ActiveCfg = Release|Any CPU
		{97762272-B248-4885-8E07-E6BA09349235}.Debug|Any CPU.ActiveCfg = Debug|Any CPU
		{97762272-B248-4885-8E07-E6BA09349235}.Debug|Any CPU.Build.0 = Debug|Any CPU
		{97762272-B248-4885-8E07-E6BA09349235}.Debug|Mixed Platforms.ActiveCfg = Debug|Any CPU
		{97762272-B248-4885-8E07-E6BA09349235}.Debug|Mixed Platforms.Build.0 = Debug|Any CPU
		{97762272-B248-4885-8E07-E6BA09349235}.Debug|x86.ActiveCfg = Debug|Any CPU
		{97762272-B248-4885-8E07-E6BA09349235}.Release|Any CPU.ActiveCfg = Release|Any CPU
		{97762272-B248-4885-8E07-E6BA09349235}.Release|Any CPU.Build.0 = Release|Any CPU
		{97762272-B248-4885-8E07-E6BA09349235}.Release|Mixed Platforms.ActiveCfg = Release|Any CPU
		{97762272-B248-4885-8E07-E6BA09349235}.Release|Mixed Platforms.Build.0 = Release|Any CPU
		{97762272-B248-4885-8E07-E6BA09349235}.Release|x86.ActiveCfg = Release|Any CPU
		{E9EF69FE-962A-423E-B463-C416B90B89D7}.Debug|Any CPU.ActiveCfg = Debug|Any CPU
		{E9EF69FE-962A-423E-B463-C416B90B89D7}.Debug|Any CPU.Build.0 = Debug|Any CPU
		{E9EF69FE-962A-423E-B463-C416B90B89D7}.Debug|Mixed Platforms.ActiveCfg = Debug|Any CPU
		{E9EF69FE-962A-423E-B463-C416B90B89D7}.Debug|Mixed Platforms.Build.0 = Debug|Any CPU
		{E9EF69FE-962A-423E-B463-C416B90B89D7}.Debug|x86.ActiveCfg = Debug|Any CPU
		{E9EF69FE-962A-423E-B463-C416B90B89D7}.Release|Any CPU.ActiveCfg = Release|Any CPU
		{E9EF69FE-962A-423E-B463-C416B90B89D7}.Release|Any CPU.Build.0 = Release|Any CPU
		{E9EF69FE-962A-423E-B463-C416B90B89D7}.Release|Mixed Platforms.ActiveCfg = Release|Any CPU
		{E9EF69FE-962A-423E-B463-C416B90B89D7}.Release|Mixed Platforms.Build.0 = Release|Any CPU
		{E9EF69FE-962A-423E-B463-C416B90B89D7}.Release|x86.ActiveCfg = Release|Any CPU
	EndGlobalSection
	GlobalSection(SolutionProperties) = preSolution
		HideSolutionNode = FALSE
	EndGlobalSection
	GlobalSection(NestedProjects) = preSolution
		{D99EEC6D-0821-42D1-98C5-2945B4F6ABD2} = {214B6B1E-51C6-43F5-8082-4F4A660E8B94}
	EndGlobalSection
EndGlobal
